
Microsoft Visual Studio Solution File, Format Version 12.00
# Visual Studio Version 16
VisualStudioVersion = 16.0.30128.74
MinimumVisualStudioVersion = 10.0.40219.1
Project("{FAE04EC0-301F-11D3-BF4B-00C04F79EFBC}") = "ConsoleEx1", "ConsoleEx1.csproj", "{84DA7AE1-21B0-494B-807B-F18EF74E4B74}"
EndProject
Global
	GlobalSection(SolutionConfigurationPlatforms) = preSolution
		Debug|Any CPU = Debug|Any CPU
		Release|Any CPU = Release|Any CPU
	EndGlobalSection
	GlobalSection(ProjectConfigurationPlatforms) = postSolution
		{84DA7AE1-21B0-494B-807B-F18EF74E4B74}.Debug|Any CPU.ActiveCfg = Debug|Any CPU
		{84DA7AE1-21B0-494B-807B-F18EF74E4B74}.Debug|Any CPU.Build.0 = Debug|Any CPU
		{84DA7AE1-21B0-494B-807B-F18EF74E4B74}.Release|Any CPU.ActiveCfg = Release|Any CPU
		{84DA7AE1-21B0-494B-807B-F18EF74E4B74}.Release|Any CPU.Build.0 = Release|Any CPU
	EndGlobalSection
	GlobalSection(SolutionProperties) = preSolution
		HideSolutionNode = FALSE
	EndGlobalSection
	GlobalSection(ExtensibilityGlobals) = postSolution
		SolutionGuid = {815C7F47-AFFF-461F-9A48-A3609103F16E}
	EndGlobalSection
EndGlobal
